// !$*UTF8*$!
{
	archiveVersion = 1;
	classes = {
	};
	objectVersion = 56;
	objects = {

/* Begin PBXBuildFile section */
		F8AF191E295C795C000E59BB /* AppDelegate.swift in Sources */ = {isa = PBXBuildFile; fileRef = F8AF191D295C795C000E59BB /* AppDelegate.swift */; };
		F8AF1920295C795C000E59BB /* SceneDelegate.swift in Sources */ = {isa = PBXBuildFile; fileRef = F8AF191F295C795C000E59BB /* SceneDelegate.swift */; };
		F8AF1922295C795C000E59BB /* ViewController.swift in Sources */ = {isa = PBXBuildFile; fileRef = F8AF1921295C795C000E59BB /* ViewController.swift */; };
		F8AF1925295C795C000E59BB /* Main.storyboard in Resources */ = {isa = PBXBuildFile; fileRef = F8AF1923295C795C000E59BB /* Main.storyboard */; };
		F8AF1927295C795E000E59BB /* Assets.xcassets in Resources */ = {isa = PBXBuildFile; fileRef = F8AF1926295C795E000E59BB /* Assets.xcassets */; };
		F8AF192A295C795E000E59BB /* LaunchScreen.storyboard in Resources */ = {isa = PBXBuildFile; fileRef = F8AF1928295C795E000E59BB /* LaunchScreen.storyboard */; };
		F8AF1932295C812B000E59BB /* CryptoTableViewCell.swift in Sources */ = {isa = PBXBuildFile; fileRef = F8AF1931295C812B000E59BB /* CryptoTableViewCell.swift */; };
		F8AF1939295C8D3F000E59BB /* CryptoCurrency.swift in Sources */ = {isa = PBXBuildFile; fileRef = F8AF1938295C8D3F000E59BB /* CryptoCurrency.swift */; };
		F8AF193B295C8EE9000E59BB /* Webservice.swift in Sources */ = {isa = PBXBuildFile; fileRef = F8AF193A295C8EE9000E59BB /* Webservice.swift */; };
		F8AF193D295CA920000E59BB /* CryptopViewModel.swift in Sources */ = {isa = PBXBuildFile; fileRef = F8AF193C295CA920000E59BB /* CryptopViewModel.swift */; };
/* End PBXBuildFile section */

/* Begin PBXFileReference section */
		F8AF191A295C795C000E59BB /* CryptoApp.app */ = {isa = PBXFileReference; explicitFileType = wrapper.application; includeInIndex = 0; path = CryptoApp.app; sourceTree = BUILT_PRODUCTS_DIR; };
		F8AF191D295C795C000E59BB /* AppDelegate.swift */ = {isa = PBXFileReference; lastKnownFileType = sourcecode.swift; path = AppDelegate.swift; sourceTree = "<group>"; };
		F8AF191F295C795C000E59BB /* SceneDelegate.swift */ = {isa = PBXFileReference; lastKnownFileType = sourcecode.swift; path = SceneDelegate.swift; sourceTree = "<group>"; };
		F8AF1921295C795C000E59BB /* ViewController.swift */ = {isa = PBXFileReference; lastKnownFileType = sourcecode.swift; path = ViewController.swift; sourceTree = "<group>"; };
		F8AF1924295C795C000E59BB /* Base */ = {isa = PBXFileReference; lastKnownFileType = file.storyboard; name = Base; path = Base.lproj/Main.storyboard; sourceTree = "<group>"; };
		F8AF1926295C795E000E59BB /* Assets.xcassets */ = {isa = PBXFileReference; lastKnownFileType = folder.assetcatalog; path = Assets.xcassets; sourceTree = "<group>"; };
		F8AF1929295C795E000E59BB /* Base */ = {isa = PBXFileReference; lastKnownFileType = file.storyboard; name = Base; path = Base.lproj/LaunchScreen.storyboard; sourceTree = "<group>"; };
		F8AF192B295C795E000E59BB /* Info.plist */ = {isa = PBXFileReference; lastKnownFileType = text.plist.xml; path = Info.plist; sourceTree = "<group>"; };
		F8AF1931295C812B000E59BB /* CryptoTableViewCell.swift */ = {isa = PBXFileReference; lastKnownFileType = sourcecode.swift; path = CryptoTableViewCell.swift; sourceTree = "<group>"; };
		F8AF1938295C8D3F000E59BB /* CryptoCurrency.swift */ = {isa = PBXFileReference; lastKnownFileType = sourcecode.swift; path = CryptoCurrency.swift; sourceTree = "<group>"; };
		F8AF193A295C8EE9000E59BB /* Webservice.swift */ = {isa = PBXFileReference; lastKnownFileType = sourcecode.swift; path = Webservice.swift; sourceTree = "<group>"; };
		F8AF193C295CA920000E59BB /* CryptopViewModel.swift */ = {isa = PBXFileReference; lastKnownFileType = sourcecode.swift; path = CryptopViewModel.swift; sourceTree = "<group>"; };
/* End PBXFileReference section */

/* Begin PBXFrameworksBuildPhase section */
		F8AF1917295C795C000E59BB /* Frameworks */ = {
			isa = PBXFrameworksBuildPhase;
			buildActionMask = 2147483647;
			files = (
			);
			runOnlyForDeploymentPostprocessing = 0;
		};
/* End PBXFrameworksBuildPhase section */

/* Begin PBXGroup section */
		F8AF1911295C795C000E59BB = {
			isa = PBXGroup;
			children = (
				F8AF191C295C795C000E59BB /* CryptoApp */,
				F8AF191B295C795C000E59BB /* Products */,
			);
			sourceTree = "<group>";
		};
		F8AF191B295C795C000E59BB /* Products */ = {
			isa = PBXGroup;
			children = (
				F8AF191A295C795C000E59BB /* CryptoApp.app */,
			);
			name = Products;
			sourceTree = "<group>";
		};
		F8AF191C295C795C000E59BB /* CryptoApp */ = {
			isa = PBXGroup;
			children = (
				F8AF1937295C8C15000E59BB /* Service */,
				F8AF1933295C8BDA000E59BB /* Model */,
				F8AF1936295C8C01000E59BB /* View */,
				F8AF1935295C8BF7000E59BB /* ViewModel */,
				F8AF1923295C795C000E59BB /* Main.storyboard */,
				F8AF1926295C795E000E59BB /* Assets.xcassets */,
				F8AF1928295C795E000E59BB /* LaunchScreen.storyboard */,
				F8AF192B295C795E000E59BB /* Info.plist */,
			);
			path = CryptoApp;
			sourceTree = "<group>";
		};
		F8AF1933295C8BDA000E59BB /* Model */ = {
			isa = PBXGroup;
			children = (
				F8AF1938295C8D3F000E59BB /* CryptoCurrency.swift */,
			);
			path = Model;
			sourceTree = "<group>";
		};
		F8AF1935295C8BF7000E59BB /* ViewModel */ = {
			isa = PBXGroup;
			children = (
				F8AF193C295CA920000E59BB /* CryptopViewModel.swift */,
			);
			path = ViewModel;
			sourceTree = "<group>";
		};
		F8AF1936295C8C01000E59BB /* View */ = {
			isa = PBXGroup;
			children = (
				F8AF191D295C795C000E59BB /* AppDelegate.swift */,
				F8AF191F295C795C000E59BB /* SceneDelegate.swift */,
				F8AF1921295C795C000E59BB /* ViewController.swift */,
				F8AF1931295C812B000E59BB /* CryptoTableViewCell.swift */,
			);
			path = View;
			sourceTree = "<group>";
		};
		F8AF1937295C8C15000E59BB /* Service */ = {
			isa = PBXGroup;
			children = (
				F8AF193A295C8EE9000E59BB /* Webservice.swift */,
			);
			path = Service;
			sourceTree = "<group>";
		};
/* End PBXGroup section */

/* Begin PBXNativeTarget section */
		F8AF1919295C795C000E59BB /* CryptoApp */ = {
			isa = PBXNativeTarget;
			buildConfigurationList = F8AF192E295C795E000E59BB /* Build configuration list for PBXNativeTarget "CryptoApp" */;
			buildPhases = (
				F8AF1916295C795C000E59BB /* Sources */,
				F8AF1917295C795C000E59BB /* Frameworks */,
				F8AF1918295C795C000E59BB /* Resources */,
			);
			buildRules = (
			);
			dependencies = (
			);
			name = CryptoApp;
			productName = CryptoApp;
			productReference = F8AF191A295C795C000E59BB /* CryptoApp.app */;
			productType = "com.apple.product-type.application";
		};
/* End PBXNativeTarget section */

/* Begin PBXProject section */
		F8AF1912295C795C000E59BB /* Project object */ = {
			isa = PBXProject;
			attributes = {
				BuildIndependentTargetsInParallel = 1;
				LastSwiftUpdateCheck = 1420;
				LastUpgradeCheck = 1420;
				TargetAttributes = {
					F8AF1919295C795C000E59BB = {
						CreatedOnToolsVersion = 14.2;
					};
				};
			};
			buildConfigurationList = F8AF1915295C795C000E59BB /* Build configuration list for PBXProject "CryptoApp" */;
			compatibilityVersion = "Xcode 14.0";
			developmentRegion = en;
			hasScannedForEncodings = 0;
			knownRegions = (
				en,
				Base,
			);
			mainGroup = F8AF1911295C795C000E59BB;
			productRefGroup = F8AF191B295C795C000E59BB /* Products */;
			projectDirPath = "";
			projectRoot = "";
			targets = (
				F8AF1919295C795C000E59BB /* CryptoApp */,
			);
		};
/* End PBXProject section */

/* Begin PBXResourcesBuildPhase section */
		F8AF1918295C795C000E59BB /* Resources */ = {
			isa = PBXResourcesBuildPhase;
			buildActionMask = 2147483647;
			files = (
				F8AF192A295C795E000E59BB /* LaunchScreen.storyboard in Resources */,
				F8AF1927295C795E000E59BB /* Assets.xcassets in Resources */,
				F8AF1925295C795C000E59BB /* Main.storyboard in Resources */,
			);
			runOnlyForDeploymentPostprocessing = 0;
		};
/* End PBXResourcesBuildPhase section */

/* Begin PBXSourcesBuildPhase section */
		F8AF1916295C795C000E59BB /* Sources */ = {
			isa = PBXSourcesBuildPhase;
			buildActionMask = 2147483647;
			files = (
				F8AF1932295C812B000E59BB /* CryptoTableViewCell.swift in Sources */,
				F8AF1922295C795C000E59BB /* ViewController.swift in Sources */,
				F8AF193B295C8EE9000E59BB /* Webservice.swift in Sources */,
				F8AF191E295C795C000E59BB /* AppDelegate.swift in Sources */,
				F8AF193D295CA920000E59BB /* CryptopViewModel.swift in Sources */,
				F8AF1939295C8D3F000E59BB /* CryptoCurrency.swift in Sources */,
				F8AF1920295C795C000E59BB /* SceneDelegate.swift in Sources */,
			);
			runOnlyForDeploymentPostprocessing = 0;
		};
/* End PBXSourcesBuildPhase section */

/* Begin PBXVariantGroup section */
		F8AF1923295C795C000E59BB /* Main.storyboard */ = {
			isa = PBXVariantGroup;
			children = (
				F8AF1924295C795C000E59BB /* Base */,
			);
			name = Main.storyboard;
			sourceTree = "<group>";
		};
		F8AF1928295C795E000E59BB /* LaunchScreen.storyboard */ = {
			isa = PBXVariantGroup;
			children = (
				F8AF1929295C795E000E59BB /* Base */,
			);
			name = LaunchScreen.storyboard;
			sourceTree = "<group>";
		};
/* End PBXVariantGroup section */

/* Begin XCBuildConfiguration section */
		F8AF192C295C795E000E59BB /* Debug */ = {
			isa = XCBuildConfiguration;
			buildSettings = {
				ALWAYS_SEARCH_USER_PATHS = NO;
				CLANG_ANALYZER_NONNULL = YES;
				CLANG_ANALYZER_NUMBER_OBJECT_CONVERSION = YES_AGGRESSIVE;
				CLANG_CXX_LANGUAGE_STANDARD = "gnu++20";
				CLANG_ENABLE_MODULES = YES;
				CLANG_ENABLE_OBJC_ARC = YES;
				CLANG_ENABLE_OBJC_WEAK = YES;
				CLANG_WARN_BLOCK_CAPTURE_AUTORELEASING = YES;
				CLANG_WARN_BOOL_CONVERSION = YES;
				CLANG_WARN_COMMA = YES;
				CLANG_WARN_CONSTANT_CONVERSION = YES;
				CLANG_WARN_DEPRECATED_OBJC_IMPLEMENTATIONS = YES;
				CLANG_WARN_DIRECT_OBJC_ISA_USAGE = YES_ERROR;
				CLANG_WARN_DOCUMENTATION_COMMENTS = YES;
				CLANG_WARN_EMPTY_BODY = YES;
				CLANG_WARN_ENUM_CONVERSION = YES;
				CLANG_WARN_INFINITE_RECURSION = YES;
				CLANG_WARN_INT_CONVERSION = YES;
				CLANG_WARN_NON_LITERAL_NULL_CONVERSION = YES;
				CLANG_WARN_OBJC_IMPLICIT_RETAIN_SELF = YES;
				CLANG_WARN_OBJC_LITERAL_CONVERSION = YES;
				CLANG_WARN_OBJC_ROOT_CLASS = YES_ERROR;
				CLANG_WARN_QUOTED_INCLUDE_IN_FRAMEWORK_HEADER = YES;
				CLANG_WARN_RANGE_LOOP_ANALYSIS = YES;
				CLANG_WARN_STRICT_PROTOTYPES = YES;
				CLANG_WARN_SUSPICIOUS_MOVE = YES;
				CLANG_WARN_UNGUARDED_AVAILABILITY = YES_AGGRESSIVE;
				CLANG_WARN_UNREACHABLE_CODE = YES;
				CLANG_WARN__DUPLICATE_METHOD_MATCH = YES;
				COPY_PHASE_STRIP = NO;
				DEBUG_INFORMATION_FORMAT = dwarf;
				ENABLE_STRICT_OBJC_MSGSEND = YES;
				ENABLE_TESTABILITY = YES;
				GCC_C_LANGUAGE_STANDARD = gnu11;
				GCC_DYNAMIC_NO_PIC = NO;
				GCC_NO_COMMON_BLOCKS = YES;
				GCC_OPTIMIZATION_LEVEL = 0;
				GCC_PREPROCESSOR_DEFINITIONS = (
					"DEBUG=1",
					"$(inherited)",
				);
				GCC_WARN_64_TO_32_BIT_CONVERSION = YES;
				GCC_WARN_ABOUT_RETURN_TYPE = YES_ERROR;
				GCC_WARN_UNDECLARED_SELECTOR = YES;
				GCC_WARN_UNINITIALIZED_AUTOS = YES_AGGRESSIVE;
				GCC_WARN_UNUSED_FUNCTION = YES;
				GCC_WARN_UNUSED_VARIABLE = YES;
				IPHONEOS_DEPLOYMENT_TARGET = 16.2;
				MTL_ENABLE_DEBUG_INFO = INCLUDE_SOURCE;
				MTL_FAST_MATH = YES;
				ONLY_ACTIVE_ARCH = YES;
				SDKROOT = iphoneos;
				SWIFT_ACTIVE_COMPILATION_CONDITIONS = DEBUG;
				SWIFT_OPTIMIZATION_LEVEL = "-Onone";
			};
			name = Debug;
		};
		F8AF192D295C795E000E59BB /* Release */ = {
			isa = XCBuildConfiguration;
			buildSettings = {
				ALWAYS_SEARCH_USER_PATHS = NO;
				CLANG_ANALYZER_NONNULL = YES;
				CLANG_ANALYZER_NUMBER_OBJECT_CONVERSION = YES_AGGRESSIVE;
				CLANG_CXX_LANGUAGE_STANDARD = "gnu++20";
				CLANG_ENABLE_MODULES = YES;
				CLANG_ENABLE_OBJC_ARC = YES;
				CLANG_ENABLE_OBJC_WEAK = YES;
				CLANG_WARN_BLOCK_CAPTURE_AUTORELEASING = YES;
				CLANG_WARN_BOOL_CONVERSION = YES;
				CLANG_WARN_COMMA = YES;
				CLANG_WARN_CONSTANT_CONVERSION = YES;
				CLANG_WARN_DEPRECATED_OBJC_IMPLEMENTATIONS = YES;
				CLANG_WARN_DIRECT_OBJC_ISA_USAGE = YES_ERROR;
				CLANG_WARN_DOCUMENTATION_COMMENTS = YES;
				CLANG_WARN_EMPTY_BODY = YES;
				CLANG_WARN_ENUM_CONVERSION = YES;
				CLANG_WARN_INFINITE_RECURSION = YES;
				CLANG_WARN_INT_CONVERSION = YES;
				CLANG_WARN_NON_LITERAL_NULL_CONVERSION = YES;
				CLANG_WARN_OBJC_IMPLICIT_RETAIN_SELF = YES;
				CLANG_WARN_OBJC_LITERAL_CONVERSION = YES;
				CLANG_WARN_OBJC_ROOT_CLASS = YES_ERROR;
				CLANG_WARN_QUOTED_INCLUDE_IN_FRAMEWORK_HEADER = YES;
				CLANG_WARN_RANGE_LOOP_ANALYSIS = YES;
				CLANG_WARN_STRICT_PROTOTYPES = YES;
				CLANG_WARN_SUSPICIOUS_MOVE = YES;
				CLANG_WARN_UNGUARDED_AVAILABILITY = YES_AGGRESSIVE;
				CLANG_WARN_UNREACHABLE_CODE = YES;
				CLANG_WARN__DUPLICATE_METHOD_MATCH = YES;
				COPY_PHASE_STRIP = NO;
				DEBUG_INFORMATION_FORMAT = "dwarf-with-dsym";
				ENABLE_NS_ASSERTIONS = NO;
				ENABLE_STRICT_OBJC_MSGSEND = YES;
				GCC_C_LANGUAGE_STANDARD = gnu11;
				GCC_NO_COMMON_BLOCKS = YES;
				GCC_WARN_64_TO_32_BIT_CONVERSION = YES;
				GCC_WARN_ABOUT_RETURN_TYPE = YES_ERROR;
				GCC_WARN_UNDECLARED_SELECTOR = YES;
				GCC_WARN_UNINITIALIZED_AUTOS = YES_AGGRESSIVE;
				GCC_WARN_UNUSED_FUNCTION = YES;
				GCC_WARN_UNUSED_VARIABLE = YES;
				IPHONEOS_DEPLOYMENT_TARGET = 16.2;
				MTL_ENABLE_DEBUG_INFO = NO;
				MTL_FAST_MATH = YES;
				SDKROOT = iphoneos;
				SWIFT_COMPILATION_MODE = wholemodule;
				SWIFT_OPTIMIZATION_LEVEL = "-O";
				VALIDATE_PRODUCT = YES;
			};
			name = Release;
		};
		F8AF192F295C795E000E59BB /* Debug */ = {
			isa = XCBuildConfiguration;
			buildSettings = {
				ASSETCATALOG_COMPILER_APPICON_NAME = AppIcon;
				ASSETCATALOG_COMPILER_GLOBAL_ACCENT_COLOR_NAME = AccentColor;
				CODE_SIGN_STYLE = Automatic;
				CURRENT_PROJECT_VERSION = 1;
				DEVELOPMENT_TEAM = YJ7V6XM9BJ;
				GENERATE_INFOPLIST_FILE = YES;
				INFOPLIST_FILE = CryptoApp/Info.plist;
				INFOPLIST_KEY_UIApplicationSupportsIndirectInputEvents = YES;
				INFOPLIST_KEY_UILaunchStoryboardName = LaunchScreen;
				INFOPLIST_KEY_UIMainStoryboardFile = Main;
				INFOPLIST_KEY_UISupportedInterfaceOrientations_iPad = "UIInterfaceOrientationPortrait UIInterfaceOrientationPortraitUpsideDown UIInterfaceOrientationLandscapeLeft UIInterfaceOrientationLandscapeRight";
				INFOPLIST_KEY_UISupportedInterfaceOrientations_iPhone = "UIInterfaceOrientationPortrait UIInterfaceOrientationLandscapeLeft UIInterfaceOrientationLandscapeRight";
				LD_RUNPATH_SEARCH_PATHS = (
					"$(inherited)",
					"@executable_path/Frameworks",
				);
				MARKETING_VERSION = 1.0;
				PRODUCT_BUNDLE_IDENTIFIER = com.haliskayar.CryptoApp;
				PRODUCT_NAME = "$(TARGET_NAME)";
				SWIFT_EMIT_LOC_STRINGS = YES;
				SWIFT_VERSION = 5.0;
				TARGETED_DEVICE_FAMILY = "1,2";
			};
			name = Debug;
		};
		F8AF1930295C795E000E59BB /* Release */ = {
			isa = XCBuildConfiguration;
			buildSettings = {
				ASSETCATALOG_COMPILER_APPICON_NAME = AppIcon;
				ASSETCATALOG_COMPILER_GLOBAL_ACCENT_COLOR_NAME = AccentColor;
				CODE_SIGN_STYLE = Automatic;
				CURRENT_PROJECT_VERSION = 1;
				DEVELOPMENT_TEAM = YJ7V6XM9BJ;
				GENERATE_INFOPLIST_FILE = YES;
				INFOPLIST_FILE = CryptoApp/Info.plist;
				INFOPLIST_KEY_UIApplicationSupportsIndirectInputEvents = YES;
				INFOPLIST_KEY_UILaunchStoryboardName = LaunchScreen;
				INFOPLIST_KEY_UIMainStoryboardFile = Main;
				INFOPLIST_KEY_UISupportedInterfaceOrientations_iPad = "UIInterfaceOrientationPortrait UIInterfaceOrientationPortraitUpsideDown UIInterfaceOrientationLandscapeLeft UIInterfaceOrientationLandscapeRight";
				INFOPLIST_KEY_UISupportedInterfaceOrientations_iPhone = "UIInterfaceOrientationPortrait UIInterfaceOrientationLandscapeLeft UIInterfaceOrientationLandscapeRight";
				LD_RUNPATH_SEARCH_PATHS = (
					"$(inherited)",
					"@executable_path/Frameworks",
				);
				MARKETING_VERSION = 1.0;
				PRODUCT_BUNDLE_IDENTIFIER = com.haliskayar.CryptoApp;
				PRODUCT_NAME = "$(TARGET_NAME)";
				SWIFT_EMIT_LOC_STRINGS = YES;
				SWIFT_VERSION = 5.0;
				TARGETED_DEVICE_FAMILY = "1,2";
			};
			name = Release;
		};
/* End XCBuildConfiguration section */

/* Begin XCConfigurationList section */
		F8AF1915295C795C000E59BB /* Build configuration list for PBXProject "CryptoApp" */ = {
			isa = XCConfigurationList;
			buildConfigurations = (
				F8AF192C295C795E000E59BB /* Debug */,
				F8AF192D295C795E000E59BB /* Release */,
			);
			defaultConfigurationIsVisible = 0;
			defaultConfigurationName = Release;
		};
		F8AF192E295C795E000E59BB /* Build configuration list for PBXNativeTarget "CryptoApp" */ = {
			isa = XCConfigurationList;
			buildConfigurations = (
				F8AF192F295C795E000E59BB /* Debug */,
				F8AF1930295C795E000E59BB /* Release */,
			);
			defaultConfigurationIsVisible = 0;
			defaultConfigurationName = Release;
		};
/* End XCConfigurationList section */
	};
	rootObject = F8AF1912295C795C000E59BB /* Project object */;
}
